# This file is automatically @generated by Cargo.
# It is not intended for manual editing.
version = 4

[[package]]
name = "datalink"
version = "0.1.0"

[[package]]
name = "ferrox-cli"
version = "0.1.0"

[[package]]
name = "network"
version = "0.1.0"

[[package]]
name = "pal"
version = "0.1.0"

[[package]]
name = "proto"
version = "0.1.0"

[[package]]
name = "sim"
version = "0.1.0"

[[package]]
name = "socket"
version = "0.1.0"

[[package]]
name = "transport"
version = "0.1.0"
